# THIS IS AN AUTOGENERATED FILE. DO NOT EDIT THIS FILE DIRECTLY.
# yarn lockfile v1


prettier-config-carbon@^0.4.0:
  version "0.4.0"
  resolved "https://registry.yarnpkg.com/prettier-config-carbon/-/prettier-config-carbon-0.4.0.tgz#c0edfa6315bbede93dba5145a22a5686e3851e64"
  integrity sha512-25XYXih6LheqxnrJ89/rY//cJLqKsOmtU++E/G3KC0UyBV/p6us6Zi5ln3OwBc3COKC3K9CUdnkoYsb5E+qCjQ==
